
Microsoft Visual Studio Solution File, Format Version 12.00
Project("{FAE04EC0-301F-11D3-BF4B-00C04F79EFBC}") = "OpcDaWebApi", "OpcDaWebApi\OpcDaWebApi.csproj", "{7DD8AED9-0629-4DEA-99EE-38DCC07A96B1}"
EndProject
Global
	GlobalSection(SolutionConfigurationPlatforms) = preSolution
		Debug|Any CPU = Debug|Any CPU
		Release|Any CPU = Release|Any CPU
	EndGlobalSection
	GlobalSection(ProjectConfigurationPlatforms) = postSolution
		{7DD8AED9-0629-4DEA-99EE-38DCC07A96B1}.Debug|Any CPU.ActiveCfg = Debug|Any CPU
		{7DD8AED9-0629-4DEA-99EE-38DCC07A96B1}.Debug|Any CPU.Build.0 = Debug|Any CPU
		{7DD8AED9-0629-4DEA-99EE-38DCC07A96B1}.Release|Any CPU.ActiveCfg = Release|Any CPU
		{7DD8AED9-0629-4DEA-99EE-38DCC07A96B1}.Release|Any CPU.Build.0 = Release|Any CPU
	EndGlobalSection
EndGlobal
